
Microsoft Visual Studio Solution File, Format Version 12.00
# Visual Studio 15
VisualStudioVersion = 15.0.28307.757
MinimumVisualStudioVersion = 10.0.40219.1
Project("{FAE04EC0-301F-11D3-BF4B-00C04F79EFBC}") = "Design", "Design\Design.csproj", "{6FBA51B3-721C-42EC-BE73-08B24BFA5E65}"
EndProject
Global
	GlobalSection(SolutionConfigurationPlatforms) = preSolution
		Debug|Any CPU = Debug|Any CPU
		Release|Any CPU = Release|Any CPU
	EndGlobalSection
	GlobalSection(ProjectConfigurationPlatforms) = postSolution
		{6FBA51B3-721C-42EC-BE73-08B24BFA5E65}.Debug|Any CPU.ActiveCfg = Debug|Any CPU
		{6FBA51B3-721C-42EC-BE73-08B24BFA5E65}.Debug|Any CPU.Build.0 = Debug|Any CPU
		{6FBA51B3-721C-42EC-BE73-08B24BFA5E65}.Release|Any CPU.ActiveCfg = Release|Any CPU
		{6FBA51B3-721C-42EC-BE73-08B24BFA5E65}.Release|Any CPU.Build.0 = Release|Any CPU
	EndGlobalSection
	GlobalSection(SolutionProperties) = preSolution
		HideSolutionNode = FALSE
	EndGlobalSection
	GlobalSection(ExtensibilityGlobals) = postSolution
		SolutionGuid = {657C6728-3D1A-49BE-9B5D-679E32E88A2F}
	EndGlobalSection
EndGlobal
