
Microsoft Visual Studio Solution File, Format Version 12.00
# Visual Studio 15
VisualStudioVersion = 15.0.28307.757
MinimumVisualStudioVersion = 10.0.40219.1
Project("{9A19103F-16F7-4668-BE54-9A1E7A4F7556}") = "AlgorithmPart2", "AlgorithmPart2.csproj", "{B1B853FC-8854-43E9-89C3-43EF8BD8BA80}"
EndProject
Global
	GlobalSection(SolutionConfigurationPlatforms) = preSolution
		Debug|Any CPU = Debug|Any CPU
		Release|Any CPU = Release|Any CPU
	EndGlobalSection
	GlobalSection(ProjectConfigurationPlatforms) = postSolution
		{B1B853FC-8854-43E9-89C3-43EF8BD8BA80}.Debug|Any CPU.ActiveCfg = Debug|Any CPU
		{B1B853FC-8854-43E9-89C3-43EF8BD8BA80}.Debug|Any CPU.Build.0 = Debug|Any CPU
		{B1B853FC-8854-43E9-89C3-43EF8BD8BA80}.Release|Any CPU.ActiveCfg = Release|Any CPU
		{B1B853FC-8854-43E9-89C3-43EF8BD8BA80}.Release|Any CPU.Build.0 = Release|Any CPU
	EndGlobalSection
	GlobalSection(SolutionProperties) = preSolution
		HideSolutionNode = FALSE
	EndGlobalSection
	GlobalSection(ExtensibilityGlobals) = postSolution
		SolutionGuid = {1EF31CFB-902F-4A2B-A11B-C0A755C8759E}
	EndGlobalSection
EndGlobal
